
Microsoft Visual Studio Solution File, Format Version 12.00
# Visual Studio Version 16
VisualStudioVersion = 16.0.29230.47
MinimumVisualStudioVersion = 10.0.40219.1
Project("{FAE04EC0-301F-11D3-BF4B-00C04F79EFBC}") = "AbstractFactoryView", "AbstractFactoryView\AbstractFactoryView.csproj", "{9E0A386F-DE66-42CA-B107-662A3A0996C8}"
EndProject
Project("{9A19103F-16F7-4668-BE54-9A1E7A4F7556}") = "AbstractAircraftFactoryLogic", "AbstractAircraftFactoryLogic\AbstractAircraftFactoryLogic.csproj", "{ACA20956-ABE3-43D0-93C9-01B2B08E85D5}"
EndProject
Project("{FAE04EC0-301F-11D3-BF4B-00C04F79EFBC}") = "AbstractFactoryListImplement", "AbstractFactoryListImplement\AbstractFactoryListImplement.csproj", "{BABCD955-0948-458E-ACF7-86A504904C95}"
EndProject
Project("{FAE04EC0-301F-11D3-BF4B-00C04F79EFBC}") = "AbstractFactoryFileImplement", "AbstractFactoryFileImplement\AbstractFactoryFileImplement.csproj", "{B24B37B3-FA2B-4F03-A8A0-43A983E860FC}"
EndProject
Global
	GlobalSection(SolutionConfigurationPlatforms) = preSolution
		Debug|Any CPU = Debug|Any CPU
		Release|Any CPU = Release|Any CPU
	EndGlobalSection
	GlobalSection(ProjectConfigurationPlatforms) = postSolution
		{9E0A386F-DE66-42CA-B107-662A3A0996C8}.Debug|Any CPU.ActiveCfg = Debug|Any CPU
		{9E0A386F-DE66-42CA-B107-662A3A0996C8}.Debug|Any CPU.Build.0 = Debug|Any CPU
		{9E0A386F-DE66-42CA-B107-662A3A0996C8}.Release|Any CPU.ActiveCfg = Release|Any CPU
		{9E0A386F-DE66-42CA-B107-662A3A0996C8}.Release|Any CPU.Build.0 = Release|Any CPU
		{ACA20956-ABE3-43D0-93C9-01B2B08E85D5}.Debug|Any CPU.ActiveCfg = Debug|Any CPU
		{ACA20956-ABE3-43D0-93C9-01B2B08E85D5}.Debug|Any CPU.Build.0 = Debug|Any CPU
		{ACA20956-ABE3-43D0-93C9-01B2B08E85D5}.Release|Any CPU.ActiveCfg = Release|Any CPU
		{ACA20956-ABE3-43D0-93C9-01B2B08E85D5}.Release|Any CPU.Build.0 = Release|Any CPU
		{BABCD955-0948-458E-ACF7-86A504904C95}.Debug|Any CPU.ActiveCfg = Debug|Any CPU
		{BABCD955-0948-458E-ACF7-86A504904C95}.Debug|Any CPU.Build.0 = Debug|Any CPU
		{BABCD955-0948-458E-ACF7-86A504904C95}.Release|Any CPU.ActiveCfg = Release|Any CPU
		{BABCD955-0948-458E-ACF7-86A504904C95}.Release|Any CPU.Build.0 = Release|Any CPU
		{B24B37B3-FA2B-4F03-A8A0-43A983E860FC}.Debug|Any CPU.ActiveCfg = Debug|Any CPU
		{B24B37B3-FA2B-4F03-A8A0-43A983E860FC}.Debug|Any CPU.Build.0 = Debug|Any CPU
		{B24B37B3-FA2B-4F03-A8A0-43A983E860FC}.Release|Any CPU.ActiveCfg = Release|Any CPU
		{B24B37B3-FA2B-4F03-A8A0-43A983E860FC}.Release|Any CPU.Build.0 = Release|Any CPU
	EndGlobalSection
	GlobalSection(SolutionProperties) = preSolution
		HideSolutionNode = FALSE
	EndGlobalSection
	GlobalSection(ExtensibilityGlobals) = postSolution
		SolutionGuid = {973CF328-6B76-4F29-8148-DA559AB222D6}
	EndGlobalSection
EndGlobal
